
Microsoft Visual Studio Solution File, Format Version 12.00
# Visual Studio Version 17
VisualStudioVersion = 17.7.34009.444
MinimumVisualStudioVersion = 10.0.40219.1
Project("{FAE04EC0-301F-11D3-BF4B-00C04F79EFBC}") = "wpftesta", "wpftesta\wpftesta.csproj", "{45AA3AFA-430A-45D1-9EB9-8F76B8805FBF}"
EndProject
Global
	GlobalSection(SolutionConfigurationPlatforms) = preSolution
		Debug|Any CPU = Debug|Any CPU
		Release|Any CPU = Release|Any CPU
	EndGlobalSection
	GlobalSection(ProjectConfigurationPlatforms) = postSolution
		{45AA3AFA-430A-45D1-9EB9-8F76B8805FBF}.Debug|Any CPU.ActiveCfg = Debug|Any CPU
		{45AA3AFA-430A-45D1-9EB9-8F76B8805FBF}.Debug|Any CPU.Build.0 = Debug|Any CPU
		{45AA3AFA-430A-45D1-9EB9-8F76B8805FBF}.Release|Any CPU.ActiveCfg = Release|Any CPU
		{45AA3AFA-430A-45D1-9EB9-8F76B8805FBF}.Release|Any CPU.Build.0 = Release|Any CPU
	EndGlobalSection
	GlobalSection(SolutionProperties) = preSolution
		HideSolutionNode = FALSE
	EndGlobalSection
	GlobalSection(ExtensibilityGlobals) = postSolution
		SolutionGuid = {3F201A69-B850-49DF-9EFB-A6C3535003E8}
	EndGlobalSection
EndGlobal
